{
    "_meta": {
        "hash": {
            "sha256": "bbde60b8888b6e6002ccec35c59cbd218196e44bfaf0dce76cb3b4cf568d440b"
        },
        "pipfile-spec": 6,
        "requires": {
            "python_version": "3.8"
        },
        "sources": [
            {
                "name": "pypi",
                "url": "https://pypi.org/simple",
                "verify_ssl": true
            }
        ]
    },
    "default": {
        "asgiref": {
            "hashes": [
                "sha256:7e51911ee147dd685c3c8b805c0ad0cb58d360987b56953878f8c06d2d1c6f1a",
                "sha256:9fc6fb5d39b8af147ba40765234fa822b39818b12cc80b35ad9b0cef3a476aed"
            ],
            "markers": "python_version >= '3.5'",
            "version": "==3.2.10"
        },
        "boto3": {
            "hashes": [
                "sha256:97f81f40f32d683d52f2e31ef14afae77fc1aa3bc41d05ff3cd838c91d406dfc",
                "sha256:cff8528c5bc4a13cbb85d09288dad66758c3f2367e77dc250cb2e9dc4b9ec59f"
            ],
            "index": "pypi",
            "version": "==1.15.4"
        },
        "botocore": {
            "hashes": [
                "sha256:36073d47386e260c6dca17c65479c1746ed5a95f6c29a06e9163d3026150440f",
                "sha256:78b88dd1b7566be9b932bcd213c6c57d54beeaecd8009eb0224c91a7eb1a937e"
            ],
            "version": "==1.18.4"
        },
        "django": {
            "hashes": [
                "sha256:2d14be521c3ae24960e5e83d4575e156a8c479a75c935224b671b1c6e66eddaf",
                "sha256:313d0b8f96685e99327785cc600a5178ca855f8e6f4ed162e671e8c3cf749739"
            ],
            "index": "pypi",
            "version": "==3.0.10"
        },
        "django-cleanup": {
            "hashes": [
                "sha256:71e098c7d9ac3f3da40b95cff9c0bc51218d40ef419261232f46ba3141c50acc",
                "sha256:8976aec12a22913afb3d1fcb541b1aedde2f5ec243e4260c5ff78bb6aa75a089"
            ],
            "index": "pypi",
            "version": "==5.1.0"
        },
        "django-crispy-forms": {
            "hashes": [
                "sha256:888bb316db89b60050a42ec35080facb361d823eec38010ccb0702f45642d3b8",
                "sha256:f2f1e0fbb458851636447cfb6be1a611b40c8ac9e41a74ba923011378670b43b"
            ],
            "index": "pypi",
            "version": "==1.9.2"
        },
        "django-storages": {
            "hashes": [
                "sha256:12de8fb2605b9b57bfaf54b075280d7cbb3b3ee1ca4bc9b9add147af87fe3a2c",
                "sha256:652275ab7844538c462b62810276c0244866f345878256a9e0e86f5b1283ae18"
            ],
            "index": "pypi",
            "version": "==1.10.1"
        },
        "gunicorn": {
            "hashes": [
                "sha256:1904bb2b8a43658807108d59c3f3d56c2b6121a701161de0ddf9ad140073c626",
                "sha256:cd4a810dd51bf497552cf3f863b575dabd73d6ad6a91075b65936b151cbf4f9c"
            ],
            "index": "pypi",
            "version": "==20.0.4"
        },
        "jmespath": {
            "hashes": [
                "sha256:b85d0567b8666149a93172712e68920734333c0ce7e89b78b3e987f71e5ed4f9",
                "sha256:cdf6525904cc597730141d61b36f2e4b8ecc257c420fa2f4549bac2c2d0cb72f"
            ],
            "markers": "python_version >= '2.6' and python_version not in '3.0, 3.1, 3.2, 3.3'",
            "version": "==0.10.0"
        },
        "python-dateutil": {
            "hashes": [
                "sha256:73ebfe9dbf22e832286dafa60473e4cd239f8592f699aa5adaf10050e6e1823c",
                "sha256:75bb3f31ea686f1197762692a9ee6a7550b59fc6ca3a1f4b5d7e32fb98e2da2a"
            ],
            "markers": "python_version >= '2.7' and python_version not in '3.0, 3.1, 3.2, 3.3'",
            "version": "==2.8.1"
        },
        "pytz": {
            "hashes": [
                "sha256:a494d53b6d39c3c6e44c3bec237336e14305e4f29bbf800b599253057fbb79ed",
                "sha256:c35965d010ce31b23eeb663ed3cc8c906275d6be1a34393a1d73a41febf4a048"
            ],
            "version": "==2020.1"
        },
        "s3transfer": {
            "hashes": [
                "sha256:2482b4259524933a022d59da830f51bd746db62f047d6eb213f2f8855dcb8a13",
                "sha256:921a37e2aefc64145e7b73d50c71bb4f26f46e4c9f414dc648c6245ff92cf7db"
            ],
            "version": "==0.3.3"
        },
        "six": {
            "hashes": [
                "sha256:30639c035cdb23534cd4aa2dd52c3bf48f06e5f4a941509c8bafd8ce11080259",
                "sha256:8b74bedcbbbaca38ff6d7491d76f2b06b3592611af620f8426e82dddb04a5ced"
            ],
            "markers": "python_version >= '2.7' and python_version not in '3.0, 3.1, 3.2, 3.3'",
            "version": "==1.15.0"
        },
        "sqlparse": {
            "hashes": [
                "sha256:022fb9c87b524d1f7862b3037e541f68597a730a8843245c349fc93e1643dc4e",
                "sha256:e162203737712307dfe78860cc56c8da8a852ab2ee33750e33aeadf38d12c548"
            ],
            "markers": "python_version >= '2.7' and python_version not in '3.0, 3.1, 3.2, 3.3'",
            "version": "==0.3.1"
        },
        "urllib3": {
            "hashes": [
                "sha256:91056c15fa70756691db97756772bb1eb9678fa585d9184f24534b100dc60f4a",
                "sha256:e7983572181f5e1522d9c98453462384ee92a0be7fac5f1413a1e35c56cc0461"
            ],
            "markers": "python_version != '3.4'",
            "version": "==1.25.10"
        }
    },
    "develop": {}
}
